
Microsoft Visual Studio Solution File, Format Version 12.00
# Visual Studio Version 16
VisualStudioVersion = 16.0.30114.105
MinimumVisualStudioVersion = 10.0.40219.1
Project("{FAE04EC0-301F-11D3-BF4B-00C04F79EFBC}") = "API", "API\API.csproj", "{4DEDC025-3979-4170-AB98-2AF994766547}"
EndProject
Project("{FAE04EC0-301F-11D3-BF4B-00C04F79EFBC}") = "Application", "Application\Application.csproj", "{A574D4AE-68F7-4A2D-A220-34C327196D2F}"
EndProject
Project("{FAE04EC0-301F-11D3-BF4B-00C04F79EFBC}") = "Domain", "Domain\Domain.csproj", "{033C5CDE-07C6-466A-B680-D123E5F63D58}"
EndProject
Project("{FAE04EC0-301F-11D3-BF4B-00C04F79EFBC}") = "Persistence", "Persistence\Persistence.csproj", "{C78D5D68-63FE-4138-A9F6-FEAA87401094}"
EndProject
Global
	GlobalSection(SolutionConfigurationPlatforms) = preSolution
		Debug|Any CPU = Debug|Any CPU
		Release|Any CPU = Release|Any CPU
	EndGlobalSection
	GlobalSection(SolutionProperties) = preSolution
		HideSolutionNode = FALSE
	EndGlobalSection
	GlobalSection(ProjectConfigurationPlatforms) = postSolution
		{4DEDC025-3979-4170-AB98-2AF994766547}.Debug|Any CPU.ActiveCfg = Debug|Any CPU
		{4DEDC025-3979-4170-AB98-2AF994766547}.Debug|Any CPU.Build.0 = Debug|Any CPU
		{4DEDC025-3979-4170-AB98-2AF994766547}.Release|Any CPU.ActiveCfg = Release|Any CPU
		{4DEDC025-3979-4170-AB98-2AF994766547}.Release|Any CPU.Build.0 = Release|Any CPU
		{A574D4AE-68F7-4A2D-A220-34C327196D2F}.Debug|Any CPU.ActiveCfg = Debug|Any CPU
		{A574D4AE-68F7-4A2D-A220-34C327196D2F}.Debug|Any CPU.Build.0 = Debug|Any CPU
		{A574D4AE-68F7-4A2D-A220-34C327196D2F}.Release|Any CPU.ActiveCfg = Release|Any CPU
		{A574D4AE-68F7-4A2D-A220-34C327196D2F}.Release|Any CPU.Build.0 = Release|Any CPU
		{033C5CDE-07C6-466A-B680-D123E5F63D58}.Debug|Any CPU.ActiveCfg = Debug|Any CPU
		{033C5CDE-07C6-466A-B680-D123E5F63D58}.Debug|Any CPU.Build.0 = Debug|Any CPU
		{033C5CDE-07C6-466A-B680-D123E5F63D58}.Release|Any CPU.ActiveCfg = Release|Any CPU
		{033C5CDE-07C6-466A-B680-D123E5F63D58}.Release|Any CPU.Build.0 = Release|Any CPU
		{C78D5D68-63FE-4138-A9F6-FEAA87401094}.Debug|Any CPU.ActiveCfg = Debug|Any CPU
		{C78D5D68-63FE-4138-A9F6-FEAA87401094}.Debug|Any CPU.Build.0 = Debug|Any CPU
		{C78D5D68-63FE-4138-A9F6-FEAA87401094}.Release|Any CPU.ActiveCfg = Release|Any CPU
		{C78D5D68-63FE-4138-A9F6-FEAA87401094}.Release|Any CPU.Build.0 = Release|Any CPU
	EndGlobalSection
EndGlobal
